
Microsoft Visual Studio Solution File, Format Version 12.00
# Visual Studio 15
VisualStudioVersion = 15.0.26124.0
MinimumVisualStudioVersion = 15.0.26124.0
Project("{FAE04EC0-301F-11D3-BF4B-00C04F79EFBC}") = "R5T.Glyfada.Commands.Construction", "R5T.Glyfada.Commands.Construction\R5T.Glyfada.Commands.Construction.csproj", "{303712A1-1BED-4A86-A1F8-E52A97558722}"
EndProject
Project("{FAE04EC0-301F-11D3-BF4B-00C04F79EFBC}") = "R5T.Glyfada.Commands", "R5T.Glyfada.Commands\R5T.Glyfada.Commands.csproj", "{228790CE-AA99-42E4-B99F-A406E3A5F564}"
EndProject
Project("{FAE04EC0-301F-11D3-BF4B-00C04F79EFBC}") = "R5T.Glyfada.Commands.Testing", "R5T.Glyfada.Commands.Testing\R5T.Glyfada.Commands.Testing.csproj", "{15A722B8-68CE-4E38-BA4A-6A4B16FF248D}"
EndProject
Global
	GlobalSection(SolutionConfigurationPlatforms) = preSolution
		Debug|Any CPU = Debug|Any CPU
		Debug|x64 = Debug|x64
		Debug|x86 = Debug|x86
		Release|Any CPU = Release|Any CPU
		Release|x64 = Release|x64
		Release|x86 = Release|x86
	EndGlobalSection
	GlobalSection(SolutionProperties) = preSolution
		HideSolutionNode = FALSE
	EndGlobalSection
	GlobalSection(ProjectConfigurationPlatforms) = postSolution
		{303712A1-1BED-4A86-A1F8-E52A97558722}.Debug|Any CPU.ActiveCfg = Debug|Any CPU
		{303712A1-1BED-4A86-A1F8-E52A97558722}.Debug|Any CPU.Build.0 = Debug|Any CPU
		{303712A1-1BED-4A86-A1F8-E52A97558722}.Debug|x64.ActiveCfg = Debug|Any CPU
		{303712A1-1BED-4A86-A1F8-E52A97558722}.Debug|x64.Build.0 = Debug|Any CPU
		{303712A1-1BED-4A86-A1F8-E52A97558722}.Debug|x86.ActiveCfg = Debug|Any CPU
		{303712A1-1BED-4A86-A1F8-E52A97558722}.Debug|x86.Build.0 = Debug|Any CPU
		{303712A1-1BED-4A86-A1F8-E52A97558722}.Release|Any CPU.ActiveCfg = Release|Any CPU
		{303712A1-1BED-4A86-A1F8-E52A97558722}.Release|Any CPU.Build.0 = Release|Any CPU
		{303712A1-1BED-4A86-A1F8-E52A97558722}.Release|x64.ActiveCfg = Release|Any CPU
		{303712A1-1BED-4A86-A1F8-E52A97558722}.Release|x64.Build.0 = Release|Any CPU
		{303712A1-1BED-4A86-A1F8-E52A97558722}.Release|x86.ActiveCfg = Release|Any CPU
		{303712A1-1BED-4A86-A1F8-E52A97558722}.Release|x86.Build.0 = Release|Any CPU
		{228790CE-AA99-42E4-B99F-A406E3A5F564}.Debug|Any CPU.ActiveCfg = Debug|Any CPU
		{228790CE-AA99-42E4-B99F-A406E3A5F564}.Debug|Any CPU.Build.0 = Debug|Any CPU
		{228790CE-AA99-42E4-B99F-A406E3A5F564}.Debug|x64.ActiveCfg = Debug|Any CPU
		{228790CE-AA99-42E4-B99F-A406E3A5F564}.Debug|x64.Build.0 = Debug|Any CPU
		{228790CE-AA99-42E4-B99F-A406E3A5F564}.Debug|x86.ActiveCfg = Debug|Any CPU
		{228790CE-AA99-42E4-B99F-A406E3A5F564}.Debug|x86.Build.0 = Debug|Any CPU
		{228790CE-AA99-42E4-B99F-A406E3A5F564}.Release|Any CPU.ActiveCfg = Release|Any CPU
		{228790CE-AA99-42E4-B99F-A406E3A5F564}.Release|Any CPU.Build.0 = Release|Any CPU
		{228790CE-AA99-42E4-B99F-A406E3A5F564}.Release|x64.ActiveCfg = Release|Any CPU
		{228790CE-AA99-42E4-B99F-A406E3A5F564}.Release|x64.Build.0 = Release|Any CPU
		{228790CE-AA99-42E4-B99F-A406E3A5F564}.Release|x86.ActiveCfg = Release|Any CPU
		{228790CE-AA99-42E4-B99F-A406E3A5F564}.Release|x86.Build.0 = Release|Any CPU
		{15A722B8-68CE-4E38-BA4A-6A4B16FF248D}.Debug|Any CPU.ActiveCfg = Debug|Any CPU
		{15A722B8-68CE-4E38-BA4A-6A4B16FF248D}.Debug|Any CPU.Build.0 = Debug|Any CPU
		{15A722B8-68CE-4E38-BA4A-6A4B16FF248D}.Debug|x64.ActiveCfg = Debug|Any CPU
		{15A722B8-68CE-4E38-BA4A-6A4B16FF248D}.Debug|x64.Build.0 = Debug|Any CPU
		{15A722B8-68CE-4E38-BA4A-6A4B16FF248D}.Debug|x86.ActiveCfg = Debug|Any CPU
		{15A722B8-68CE-4E38-BA4A-6A4B16FF248D}.Debug|x86.Build.0 = Debug|Any CPU
		{15A722B8-68CE-4E38-BA4A-6A4B16FF248D}.Release|Any CPU.ActiveCfg = Release|Any CPU
		{15A722B8-68CE-4E38-BA4A-6A4B16FF248D}.Release|Any CPU.Build.0 = Release|Any CPU
		{15A722B8-68CE-4E38-BA4A-6A4B16FF248D}.Release|x64.ActiveCfg = Release|Any CPU
		{15A722B8-68CE-4E38-BA4A-6A4B16FF248D}.Release|x64.Build.0 = Release|Any CPU
		{15A722B8-68CE-4E38-BA4A-6A4B16FF248D}.Release|x86.ActiveCfg = Release|Any CPU
		{15A722B8-68CE-4E38-BA4A-6A4B16FF248D}.Release|x86.Build.0 = Release|Any CPU
	EndGlobalSection
EndGlobal
